
Microsoft Visual Studio Solution File, Format Version 12.00
# Visual Studio 15
VisualStudioVersion = 15.0.27703.2026
MinimumVisualStudioVersion = 10.0.40219.1
Project("{FAE04EC0-301F-11D3-BF4B-00C04F79EFBC}") = "DlcTool", "DlcTool\DlcTool.csproj", "{52AA819D-BB32-4EE8-A136-7B6F759AEF47}"
EndProject
Project("{FAE04EC0-301F-11D3-BF4B-00C04F79EFBC}") = "DlcToolLib", "DlcToolLib\DlcToolLib.csproj", "{074A57D9-9130-4445-B780-29F98B420179}"
EndProject
Project("{FAE04EC0-301F-11D3-BF4B-00C04F79EFBC}") = "DlcDatabase", "DlcDatabase\DlcDatabase.csproj", "{75DE55D7-DF39-47A4-B415-34DDD0EAB5C5}"
EndProject
Global
	GlobalSection(SolutionConfigurationPlatforms) = preSolution
		Debug|Any CPU = Debug|Any CPU
		Release|Any CPU = Release|Any CPU
	EndGlobalSection
	GlobalSection(ProjectConfigurationPlatforms) = postSolution
		{52AA819D-BB32-4EE8-A136-7B6F759AEF47}.Debug|Any CPU.ActiveCfg = Debug|Any CPU
		{52AA819D-BB32-4EE8-A136-7B6F759AEF47}.Debug|Any CPU.Build.0 = Debug|Any CPU
		{52AA819D-BB32-4EE8-A136-7B6F759AEF47}.Release|Any CPU.ActiveCfg = Release|Any CPU
		{52AA819D-BB32-4EE8-A136-7B6F759AEF47}.Release|Any CPU.Build.0 = Release|Any CPU
		{074A57D9-9130-4445-B780-29F98B420179}.Debug|Any CPU.ActiveCfg = Debug|Any CPU
		{074A57D9-9130-4445-B780-29F98B420179}.Debug|Any CPU.Build.0 = Debug|Any CPU
		{074A57D9-9130-4445-B780-29F98B420179}.Release|Any CPU.ActiveCfg = Release|Any CPU
		{074A57D9-9130-4445-B780-29F98B420179}.Release|Any CPU.Build.0 = Release|Any CPU
		{75DE55D7-DF39-47A4-B415-34DDD0EAB5C5}.Debug|Any CPU.ActiveCfg = Debug|Any CPU
		{75DE55D7-DF39-47A4-B415-34DDD0EAB5C5}.Debug|Any CPU.Build.0 = Debug|Any CPU
		{75DE55D7-DF39-47A4-B415-34DDD0EAB5C5}.Release|Any CPU.ActiveCfg = Release|Any CPU
		{75DE55D7-DF39-47A4-B415-34DDD0EAB5C5}.Release|Any CPU.Build.0 = Release|Any CPU
	EndGlobalSection
	GlobalSection(SolutionProperties) = preSolution
		HideSolutionNode = FALSE
	EndGlobalSection
	GlobalSection(ExtensibilityGlobals) = postSolution
		SolutionGuid = {00B83219-6203-48D0-B684-84A592F910BF}
	EndGlobalSection
EndGlobal
